// !$*UTF8*$!
{
	archiveVersion = 1;
	classes = {
	};
	objectVersion = 50;
	objects = {

/* Begin PBXBuildFile section */
		847FBCE425DCDEBD00F25558 /* BrushBeatsApp.swift in Sources */ = {isa = PBXBuildFile; fileRef = 847FBCE325DCDEBD00F25558 /* BrushBeatsApp.swift */; };
		847FBCE625DCDEBD00F25558 /* ContentView.swift in Sources */ = {isa = PBXBuildFile; fileRef = 847FBCE525DCDEBD00F25558 /* ContentView.swift */; };
		847FBCE825DCDEC000F25558 /* Assets.xcassets in Resources */ = {isa = PBXBuildFile; fileRef = 847FBCE725DCDEC000F25558 /* Assets.xcassets */; };
		847FBCEB25DCDEC000F25558 /* Preview Assets.xcassets in Resources */ = {isa = PBXBuildFile; fileRef = 847FBCEA25DCDEC000F25558 /* Preview Assets.xcassets */; };
		847FBCFC25E0D75900F25558 /* MusicTimer.swift in Sources */ = {isa = PBXBuildFile; fileRef = 847FBCFB25E0D75900F25558 /* MusicTimer.swift */; };
		847FBD0325E0DC4E00F25558 /* 90210.mp3 in Resources */ = {isa = PBXBuildFile; fileRef = 847FBD0225E0DC4E00F25558 /* 90210.mp3 */; };
/* End PBXBuildFile section */

/* Begin PBXFileReference section */
		847FBCE025DCDEBD00F25558 /* BrushBeats.app */ = {isa = PBXFileReference; explicitFileType = wrapper.application; includeInIndex = 0; path = BrushBeats.app; sourceTree = BUILT_PRODUCTS_DIR; };
		847FBCE325DCDEBD00F25558 /* BrushBeatsApp.swift */ = {isa = PBXFileReference; lastKnownFileType = sourcecode.swift; path = BrushBeatsApp.swift; sourceTree = "<group>"; };
		847FBCE525DCDEBD00F25558 /* ContentView.swift */ = {isa = PBXFileReference; lastKnownFileType = sourcecode.swift; path = ContentView.swift; sourceTree = "<group>"; };
		847FBCE725DCDEC000F25558 /* Assets.xcassets */ = {isa = PBXFileReference; lastKnownFileType = folder.assetcatalog; path = Assets.xcassets; sourceTree = "<group>"; };
		847FBCEA25DCDEC000F25558 /* Preview Assets.xcassets */ = {isa = PBXFileReference; lastKnownFileType = folder.assetcatalog; path = "Preview Assets.xcassets"; sourceTree = "<group>"; };
		847FBCEC25DCDEC000F25558 /* Info.plist */ = {isa = PBXFileReference; lastKnownFileType = text.plist.xml; path = Info.plist; sourceTree = "<group>"; };
		847FBCFB25E0D75900F25558 /* MusicTimer.swift */ = {isa = PBXFileReference; lastKnownFileType = sourcecode.swift; path = MusicTimer.swift; sourceTree = "<group>"; };
		847FBD0225E0DC4E00F25558 /* 90210.mp3 */ = {isa = PBXFileReference; lastKnownFileType = audio.mp3; path = 90210.mp3; sourceTree = "<group>"; };
/* End PBXFileReference section */

/* Begin PBXFrameworksBuildPhase section */
		847FBCDD25DCDEBD00F25558 /* Frameworks */ = {
			isa = PBXFrameworksBuildPhase;
			buildActionMask = 2147483647;
			files = (
			);
			runOnlyForDeploymentPostprocessing = 0;
		};
/* End PBXFrameworksBuildPhase section */

/* Begin PBXGroup section */
		847FBCD725DCDEBC00F25558 = {
			isa = PBXGroup;
			children = (
				847FBCE225DCDEBD00F25558 /* BrushBeats */,
				847FBCE125DCDEBD00F25558 /* Products */,
			);
			sourceTree = "<group>";
		};
		847FBCE125DCDEBD00F25558 /* Products */ = {
			isa = PBXGroup;
			children = (
				847FBCE025DCDEBD00F25558 /* BrushBeats.app */,
			);
			name = Products;
			sourceTree = "<group>";
		};
		847FBCE225DCDEBD00F25558 /* BrushBeats */ = {
			isa = PBXGroup;
			children = (
				847FBD0225E0DC4E00F25558 /* 90210.mp3 */,
				847FBCE325DCDEBD00F25558 /* BrushBeatsApp.swift */,
				847FBCE525DCDEBD00F25558 /* ContentView.swift */,
				847FBCFB25E0D75900F25558 /* MusicTimer.swift */,
				847FBCE725DCDEC000F25558 /* Assets.xcassets */,
				847FBCEC25DCDEC000F25558 /* Info.plist */,
				847FBCE925DCDEC000F25558 /* Preview Content */,
			);
			path = BrushBeats;
			sourceTree = "<group>";
		};
		847FBCE925DCDEC000F25558 /* Preview Content */ = {
			isa = PBXGroup;
			children = (
				847FBCEA25DCDEC000F25558 /* Preview Assets.xcassets */,
			);
			path = "Preview Content";
			sourceTree = "<group>";
		};
/* End PBXGroup section */

/* Begin PBXNativeTarget section */
		847FBCDF25DCDEBD00F25558 /* BrushBeats */ = {
			isa = PBXNativeTarget;
			buildConfigurationList = 847FBCEF25DCDEC000F25558 /* Build configuration list for PBXNativeTarget "BrushBeats" */;
			buildPhases = (
				847FBCDC25DCDEBD00F25558 /* Sources */,
				847FBCDD25DCDEBD00F25558 /* Frameworks */,
				847FBCDE25DCDEBD00F25558 /* Resources */,
			);
			buildRules = (
			);
			dependencies = (
			);
			name = BrushBeats;
			productName = BrushBeats;
			productReference = 847FBCE025DCDEBD00F25558 /* BrushBeats.app */;
			productType = "com.apple.product-type.application";
		};
/* End PBXNativeTarget section */

/* Begin PBXProject section */
		847FBCD825DCDEBC00F25558 /* Project object */ = {
			isa = PBXProject;
			attributes = {
				LastSwiftUpdateCheck = 1240;
				LastUpgradeCheck = 1240;
				TargetAttributes = {
					847FBCDF25DCDEBD00F25558 = {
						CreatedOnToolsVersion = 12.4;
					};
				};
			};
			buildConfigurationList = 847FBCDB25DCDEBC00F25558 /* Build configuration list for PBXProject "BrushBeats" */;
			compatibilityVersion = "Xcode 9.3";
			developmentRegion = en;
			hasScannedForEncodings = 0;
			knownRegions = (
				en,
				Base,
			);
			mainGroup = 847FBCD725DCDEBC00F25558;
			productRefGroup = 847FBCE125DCDEBD00F25558 /* Products */;
			projectDirPath = "";
			projectRoot = "";
			targets = (
				847FBCDF25DCDEBD00F25558 /* BrushBeats */,
			);
		};
/* End PBXProject section */

/* Begin PBXResourcesBuildPhase section */
		847FBCDE25DCDEBD00F25558 /* Resources */ = {
			isa = PBXResourcesBuildPhase;
			buildActionMask = 2147483647;
			files = (
				847FBCEB25DCDEC000F25558 /* Preview Assets.xcassets in Resources */,
				847FBD0325E0DC4E00F25558 /* 90210.mp3 in Resources */,
				847FBCE825DCDEC000F25558 /* Assets.xcassets in Resources */,
			);
			runOnlyForDeploymentPostprocessing = 0;
		};
/* End PBXResourcesBuildPhase section */

/* Begin PBXSourcesBuildPhase section */
		847FBCDC25DCDEBD00F25558 /* Sources */ = {
			isa = PBXSourcesBuildPhase;
			buildActionMask = 2147483647;
			files = (
				847FBCE625DCDEBD00F25558 /* ContentView.swift in Sources */,
				847FBCFC25E0D75900F25558 /* MusicTimer.swift in Sources */,
				847FBCE425DCDEBD00F25558 /* BrushBeatsApp.swift in Sources */,
			);
			runOnlyForDeploymentPostprocessing = 0;
		};
/* End PBXSourcesBuildPhase section */

/* Begin XCBuildConfiguration section */
		847FBCED25DCDEC000F25558 /* Debug */ = {
			isa = XCBuildConfiguration;
			buildSettings = {
				ALWAYS_SEARCH_USER_PATHS = NO;
				CLANG_ANALYZER_NONNULL = YES;
				CLANG_ANALYZER_NUMBER_OBJECT_CONVERSION = YES_AGGRESSIVE;
				CLANG_CXX_LANGUAGE_STANDARD = "gnu++14";
				CLANG_CXX_LIBRARY = "libc++";
				CLANG_ENABLE_MODULES = YES;
				CLANG_ENABLE_OBJC_ARC = YES;
				CLANG_ENABLE_OBJC_WEAK = YES;
				CLANG_WARN_BLOCK_CAPTURE_AUTORELEASING = YES;
				CLANG_WARN_BOOL_CONVERSION = YES;
				CLANG_WARN_COMMA = YES;
				CLANG_WARN_CONSTANT_CONVERSION = YES;
				CLANG_WARN_DEPRECATED_OBJC_IMPLEMENTATIONS = YES;
				CLANG_WARN_DIRECT_OBJC_ISA_USAGE = YES_ERROR;
				CLANG_WARN_DOCUMENTATION_COMMENTS = YES;
				CLANG_WARN_EMPTY_BODY = YES;
				CLANG_WARN_ENUM_CONVERSION = YES;
				CLANG_WARN_INFINITE_RECURSION = YES;
				CLANG_WARN_INT_CONVERSION = YES;
				CLANG_WARN_NON_LITERAL_NULL_CONVERSION = YES;
				CLANG_WARN_OBJC_IMPLICIT_RETAIN_SELF = YES;
				CLANG_WARN_OBJC_LITERAL_CONVERSION = YES;
				CLANG_WARN_OBJC_ROOT_CLASS = YES_ERROR;
				CLANG_WARN_QUOTED_INCLUDE_IN_FRAMEWORK_HEADER = YES;
				CLANG_WARN_RANGE_LOOP_ANALYSIS = YES;
				CLANG_WARN_STRICT_PROTOTYPES = YES;
				CLANG_WARN_SUSPICIOUS_MOVE = YES;
				CLANG_WARN_UNGUARDED_AVAILABILITY = YES_AGGRESSIVE;
				CLANG_WARN_UNREACHABLE_CODE = YES;
				CLANG_WARN__DUPLICATE_METHOD_MATCH = YES;
				COPY_PHASE_STRIP = NO;
				DEBUG_INFORMATION_FORMAT = dwarf;
				ENABLE_STRICT_OBJC_MSGSEND = YES;
				ENABLE_TESTABILITY = YES;
				GCC_C_LANGUAGE_STANDARD = gnu11;
				GCC_DYNAMIC_NO_PIC = NO;
				GCC_NO_COMMON_BLOCKS = YES;
				GCC_OPTIMIZATION_LEVEL = 0;
				GCC_PREPROCESSOR_DEFINITIONS = (
					"DEBUG=1",
					"$(inherited)",
				);
				GCC_WARN_64_TO_32_BIT_CONVERSION = YES;
				GCC_WARN_ABOUT_RETURN_TYPE = YES_ERROR;
				GCC_WARN_UNDECLARED_SELECTOR = YES;
				GCC_WARN_UNINITIALIZED_AUTOS = YES_AGGRESSIVE;
				GCC_WARN_UNUSED_FUNCTION = YES;
				GCC_WARN_UNUSED_VARIABLE = YES;
				IPHONEOS_DEPLOYMENT_TARGET = 14.4;
				MTL_ENABLE_DEBUG_INFO = INCLUDE_SOURCE;
				MTL_FAST_MATH = YES;
				ONLY_ACTIVE_ARCH = YES;
				SDKROOT = iphoneos;
				SWIFT_ACTIVE_COMPILATION_CONDITIONS = DEBUG;
				SWIFT_OPTIMIZATION_LEVEL = "-Onone";
			};
			name = Debug;
		};
		847FBCEE25DCDEC000F25558 /* Release */ = {
			isa = XCBuildConfiguration;
			buildSettings = {
				ALWAYS_SEARCH_USER_PATHS = NO;
				CLANG_ANALYZER_NONNULL = YES;
				CLANG_ANALYZER_NUMBER_OBJECT_CONVERSION = YES_AGGRESSIVE;
				CLANG_CXX_LANGUAGE_STANDARD = "gnu++14";
				CLANG_CXX_LIBRARY = "libc++";
				CLANG_ENABLE_MODULES = YES;
				CLANG_ENABLE_OBJC_ARC = YES;
				CLANG_ENABLE_OBJC_WEAK = YES;
				CLANG_WARN_BLOCK_CAPTURE_AUTORELEASING = YES;
				CLANG_WARN_BOOL_CONVERSION = YES;
				CLANG_WARN_COMMA = YES;
				CLANG_WARN_CONSTANT_CONVERSION = YES;
				CLANG_WARN_DEPRECATED_OBJC_IMPLEMENTATIONS = YES;
				CLANG_WARN_DIRECT_OBJC_ISA_USAGE = YES_ERROR;
				CLANG_WARN_DOCUMENTATION_COMMENTS = YES;
				CLANG_WARN_EMPTY_BODY = YES;
				CLANG_WARN_ENUM_CONVERSION = YES;
				CLANG_WARN_INFINITE_RECURSION = YES;
				CLANG_WARN_INT_CONVERSION = YES;
				CLANG_WARN_NON_LITERAL_NULL_CONVERSION = YES;
				CLANG_WARN_OBJC_IMPLICIT_RETAIN_SELF = YES;
				CLANG_WARN_OBJC_LITERAL_CONVERSION = YES;
				CLANG_WARN_OBJC_ROOT_CLASS = YES_ERROR;
				CLANG_WARN_QUOTED_INCLUDE_IN_FRAMEWORK_HEADER = YES;
				CLANG_WARN_RANGE_LOOP_ANALYSIS = YES;
				CLANG_WARN_STRICT_PROTOTYPES = YES;
				CLANG_WARN_SUSPICIOUS_MOVE = YES;
				CLANG_WARN_UNGUARDED_AVAILABILITY = YES_AGGRESSIVE;
				CLANG_WARN_UNREACHABLE_CODE = YES;
				CLANG_WARN__DUPLICATE_METHOD_MATCH = YES;
				COPY_PHASE_STRIP = NO;
				DEBUG_INFORMATION_FORMAT = "dwarf-with-dsym";
				ENABLE_NS_ASSERTIONS = NO;
				ENABLE_STRICT_OBJC_MSGSEND = YES;
				GCC_C_LANGUAGE_STANDARD = gnu11;
				GCC_NO_COMMON_BLOCKS = YES;
				GCC_WARN_64_TO_32_BIT_CONVERSION = YES;
				GCC_WARN_ABOUT_RETURN_TYPE = YES_ERROR;
				GCC_WARN_UNDECLARED_SELECTOR = YES;
				GCC_WARN_UNINITIALIZED_AUTOS = YES_AGGRESSIVE;
				GCC_WARN_UNUSED_FUNCTION = YES;
				GCC_WARN_UNUSED_VARIABLE = YES;
				IPHONEOS_DEPLOYMENT_TARGET = 14.4;
				MTL_ENABLE_DEBUG_INFO = NO;
				MTL_FAST_MATH = YES;
				SDKROOT = iphoneos;
				SWIFT_COMPILATION_MODE = wholemodule;
				SWIFT_OPTIMIZATION_LEVEL = "-O";
				VALIDATE_PRODUCT = YES;
			};
			name = Release;
		};
		847FBCF025DCDEC000F25558 /* Debug */ = {
			isa = XCBuildConfiguration;
			buildSettings = {
				ASSETCATALOG_COMPILER_APPICON_NAME = AppIcon;
				ASSETCATALOG_COMPILER_GLOBAL_ACCENT_COLOR_NAME = AccentColor;
				CODE_SIGN_STYLE = Automatic;
				DEVELOPMENT_ASSET_PATHS = "\"BrushBeats/Preview Content\"";
				DEVELOPMENT_TEAM = 7QDLH2VUMQ;
				ENABLE_PREVIEWS = YES;
				INFOPLIST_FILE = BrushBeats/Info.plist;
				IPHONEOS_DEPLOYMENT_TARGET = 14.0;
				LD_RUNPATH_SEARCH_PATHS = (
					"$(inherited)",
					"@executable_path/Frameworks",
				);
				PRODUCT_BUNDLE_IDENTIFIER = com.maxcarlsen.BrushBeats;
				PRODUCT_NAME = "$(TARGET_NAME)";
				SWIFT_VERSION = 5.0;
				TARGETED_DEVICE_FAMILY = "1,2";
			};
			name = Debug;
		};
		847FBCF125DCDEC000F25558 /* Release */ = {
			isa = XCBuildConfiguration;
			buildSettings = {
				ASSETCATALOG_COMPILER_APPICON_NAME = AppIcon;
				ASSETCATALOG_COMPILER_GLOBAL_ACCENT_COLOR_NAME = AccentColor;
				CODE_SIGN_STYLE = Automatic;
				DEVELOPMENT_ASSET_PATHS = "\"BrushBeats/Preview Content\"";
				DEVELOPMENT_TEAM = 7QDLH2VUMQ;
				ENABLE_PREVIEWS = YES;
				INFOPLIST_FILE = BrushBeats/Info.plist;
				IPHONEOS_DEPLOYMENT_TARGET = 14.0;
				LD_RUNPATH_SEARCH_PATHS = (
					"$(inherited)",
					"@executable_path/Frameworks",
				);
				PRODUCT_BUNDLE_IDENTIFIER = com.maxcarlsen.BrushBeats;
				PRODUCT_NAME = "$(TARGET_NAME)";
				SWIFT_VERSION = 5.0;
				TARGETED_DEVICE_FAMILY = "1,2";
			};
			name = Release;
		};
/* End XCBuildConfiguration section */

/* Begin XCConfigurationList section */
		847FBCDB25DCDEBC00F25558 /* Build configuration list for PBXProject "BrushBeats" */ = {
			isa = XCConfigurationList;
			buildConfigurations = (
				847FBCED25DCDEC000F25558 /* Debug */,
				847FBCEE25DCDEC000F25558 /* Release */,
			);
			defaultConfigurationIsVisible = 0;
			defaultConfigurationName = Release;
		};
		847FBCEF25DCDEC000F25558 /* Build configuration list for PBXNativeTarget "BrushBeats" */ = {
			isa = XCConfigurationList;
			buildConfigurations = (
				847FBCF025DCDEC000F25558 /* Debug */,
				847FBCF125DCDEC000F25558 /* Release */,
			);
			defaultConfigurationIsVisible = 0;
			defaultConfigurationName = Release;
		};
/* End XCConfigurationList section */
	};
	rootObject = 847FBCD825DCDEBC00F25558 /* Project object */;
}
